
Microsoft Visual Studio Solution File, Format Version 12.00
# Visual Studio Version 16
VisualStudioVersion = 16.0.30717.126
MinimumVisualStudioVersion = 10.0.40219.1
Project("{9A19103F-16F7-4668-BE54-9A1E7A4F7556}") = "Lab1", "Lab1\Lab1.csproj", "{A9A8CE39-CDA1-4FD7-8C46-2E8FCBA8FA1C}"
EndProject
Project("{9A19103F-16F7-4668-BE54-9A1E7A4F7556}") = "Lab2", "Lab2\Lab2.csproj", "{C812FAF2-D54B-455D-8A10-0A536E65E58F}"
EndProject
Project("{FAE04EC0-301F-11D3-BF4B-00C04F79EFBC}") = "Lab3", "Lab3\Lab3.csproj", "{CEAD1624-8ECE-4364-B2C7-991D1B08D952}"
EndProject
Global
	GlobalSection(SolutionConfigurationPlatforms) = preSolution
		Debug|Any CPU = Debug|Any CPU
		Release|Any CPU = Release|Any CPU
	EndGlobalSection
	GlobalSection(ProjectConfigurationPlatforms) = postSolution
		{A9A8CE39-CDA1-4FD7-8C46-2E8FCBA8FA1C}.Debug|Any CPU.ActiveCfg = Debug|Any CPU
		{A9A8CE39-CDA1-4FD7-8C46-2E8FCBA8FA1C}.Debug|Any CPU.Build.0 = Debug|Any CPU
		{A9A8CE39-CDA1-4FD7-8C46-2E8FCBA8FA1C}.Release|Any CPU.ActiveCfg = Release|Any CPU
		{A9A8CE39-CDA1-4FD7-8C46-2E8FCBA8FA1C}.Release|Any CPU.Build.0 = Release|Any CPU
		{C812FAF2-D54B-455D-8A10-0A536E65E58F}.Debug|Any CPU.ActiveCfg = Debug|Any CPU
		{C812FAF2-D54B-455D-8A10-0A536E65E58F}.Debug|Any CPU.Build.0 = Debug|Any CPU
		{C812FAF2-D54B-455D-8A10-0A536E65E58F}.Release|Any CPU.ActiveCfg = Release|Any CPU
		{C812FAF2-D54B-455D-8A10-0A536E65E58F}.Release|Any CPU.Build.0 = Release|Any CPU
		{CEAD1624-8ECE-4364-B2C7-991D1B08D952}.Debug|Any CPU.ActiveCfg = Debug|Any CPU
		{CEAD1624-8ECE-4364-B2C7-991D1B08D952}.Debug|Any CPU.Build.0 = Debug|Any CPU
		{CEAD1624-8ECE-4364-B2C7-991D1B08D952}.Release|Any CPU.ActiveCfg = Release|Any CPU
		{CEAD1624-8ECE-4364-B2C7-991D1B08D952}.Release|Any CPU.Build.0 = Release|Any CPU
	EndGlobalSection
	GlobalSection(SolutionProperties) = preSolution
		HideSolutionNode = FALSE
	EndGlobalSection
	GlobalSection(ExtensibilityGlobals) = postSolution
		SolutionGuid = {F48754FD-0831-411D-B24D-964A5783EA12}
	EndGlobalSection
EndGlobal
